Microsoft Visual Studio Solution File, Format Version 12.00
# Visual Studio Version 17
VisualStudioVersion = 17.5.33424.131
MinimumVisualStudioVersion = 10.0.40219.1
Project("{FAE04EC0-301F-11D3-BF4B-00C04F79EFBC}") = "TestCore", "TestCore\TestCore.csproj", "{0F294001-E21D-498A-BB3B-8430F7EBFBC6}"
EndProject
Project("{FAE04EC0-301F-11D3-BF4B-00C04F79EFBC}") = "INIFileParser", "IniFileParser\INIFileParser.csproj", "{5E46DCF4-C473-4171-9F9B-F3910B5EC407}"
EndProject
Project("{FAE04EC0-301F-11D3-BF4B-00C04F79EFBC}") = "Template", "Template\Template.csproj", "{C76BF7F9-C742-4CD4-9234-57970F714B5C}"
EndProject
Project("{FAE04EC0-301F-11D3-BF4B-00C04F79EFBC}") = "RemoteDebuggerServer", "RemoteDebuggerServer\RemoteDebuggerServer.csproj", "{52B8077F-8A48-4244-8C3B-98EB84A4FECF}"
EndProject
Project("{8BC9CEB8-8B4A-11D0-8D11-00A0C91BC942}") = "MQ2MonoTester", "MQ2MonoTest\Source\Cpp.vcxproj", "{13D23E09-5DC4-430A-B122-70CB6D62DDD6}"
EndProject
Project("{FAE04EC0-301F-11D3-BF4B-00C04F79EFBC}") = "RemoteDebuggerClient", "RemoteDebuggerClient\RemoteDebuggerClient.csproj", "{509B1FAE-545F-46AF-996D-6854C4D0C8DD}"
EndProject
Project("{FAE04EC0-301F-11D3-BF4B-00C04F79EFBC}") = "E3Next", "E3Next\E3Next.csproj", "{CA025B4A-D09D-48AD-BF6C-7C303C8B5CB9}"
EndProject
Project("{FAE04EC0-301F-11D3-BF4B-00C04F79EFBC}") = "E3NextUI", "E3NextUI\E3NextUI.csproj", "{B2F73DBF-6758-48D3-8258-599BF07FA731}"
EndProject
Project("{FAE04EC0-301F-11D3-BF4B-00C04F79EFBC}") = "RemoteDebugServerTester", "RemoteDebugServerTester\RemoteDebugServerTester.csproj", "{BB70C008-A243-4516-BE24-010C2415429B}"
EndProject
Project("{FAE04EC0-301F-11D3-BF4B-00C04F79EFBC}") = "E3Discord", "E3Discord\E3Discord.csproj", "{55537C61-1E0A-4B1E-B51F-1CD0149B5CC4}"
EndProject
Project("{FAE04EC0-301F-11D3-BF4B-00C04F79EFBC}") = "ApiLibrary", "ApiLibrary\ApiLibrary.csproj", "{288B260E-CD88-4813-8E2B-5F853D3F00D3}"
EndProject
Project("{FAE04EC0-301F-11D3-BF4B-00C04F79EFBC}") = "E3NextProxy", "E3NextProxy\E3NextProxy.csproj", "{08D08E06-22A7-49B9-AFA4-04F9E2AA9210}"
EndProject
Project("{FAE04EC0-301F-11D3-BF4B-00C04F79EFBC}") = "E3NextConfigEditor", "E3NextConfigEditor\E3NextConfigEditor.csproj", "{F483958D-9C21-4458-8D3C-F596F35C74F3}"
EndProject
Global
	GlobalSection(SolutionConfigurationPlatforms) = preSolution
		Debug|Any CPU = Debug|Any CPU
		Debug|x64 = Debug|x64
		Debug|x86 = Debug|x86
		Release|Any CPU = Release|Any CPU
		Release|x64 = Release|x64
		Release|x86 = Release|x86
	EndGlobalSection
	GlobalSection(ProjectConfigurationPlatforms) = postSolution
		{0F294001-E21D-498A-BB3B-8430F7EBFBC6}.Debug|Any CPU.ActiveCfg = Debug|Any CPU
		{0F294001-E21D-498A-BB3B-8430F7EBFBC6}.Debug|Any CPU.Build.0 = Debug|Any CPU
		{0F294001-E21D-498A-BB3B-8430F7EBFBC6}.Debug|x64.ActiveCfg = Debug|Any CPU
		{0F294001-E21D-498A-BB3B-8430F7EBFBC6}.Debug|x64.Build.0 = Debug|Any CPU
		{0F294001-E21D-498A-BB3B-8430F7EBFBC6}.Debug|x86.ActiveCfg = Debug|Any CPU
		{0F294001-E21D-498A-BB3B-8430F7EBFBC6}.Debug|x86.Build.0 = Debug|Any CPU
		{0F294001-E21D-498A-BB3B-8430F7EBFBC6}.Release|Any CPU.ActiveCfg = Release|Any CPU
		{0F294001-E21D-498A-BB3B-8430F7EBFBC6}.Release|Any CPU.Build.0 = Release|Any CPU
		{0F294001-E21D-498A-BB3B-8430F7EBFBC6}.Release|x64.ActiveCfg = Release|Any CPU
		{0F294001-E21D-498A-BB3B-8430F7EBFBC6}.Release|x64.Build.0 = Release|Any CPU
		{0F294001-E21D-498A-BB3B-8430F7EBFBC6}.Release|x86.ActiveCfg = Release|Any CPU
		{0F294001-E21D-498A-BB3B-8430F7EBFBC6}.Release|x86.Build.0 = Release|Any CPU
		{5E46DCF4-C473-4171-9F9B-F3910B5EC407}.Debug|Any CPU.ActiveCfg = Debug|Any CPU
		{5E46DCF4-C473-4171-9F9B-F3910B5EC407}.Debug|Any CPU.Build.0 = Debug|Any CPU
		{5E46DCF4-C473-4171-9F9B-F3910B5EC407}.Debug|x64.ActiveCfg = Debug|Any CPU
		{5E46DCF4-C473-4171-9F9B-F3910B5EC407}.Debug|x64.Build.0 = Debug|Any CPU
		{5E46DCF4-C473-4171-9F9B-F3910B5EC407}.Debug|x86.ActiveCfg = Debug|Any CPU
		{5E46DCF4-C473-4171-9F9B-F3910B5EC407}.Debug|x86.Build.0 = Debug|Any CPU
		{5E46DCF4-C473-4171-9F9B-F3910B5EC407}.Release|Any CPU.ActiveCfg = Release|Any CPU
		{5E46DCF4-C473-4171-9F9B-F3910B5EC407}.Release|Any CPU.Build.0 = Release|Any CPU
		{5E46DCF4-C473-4171-9F9B-F3910B5EC407}.Release|x64.ActiveCfg = Release|Any CPU
		{5E46DCF4-C473-4171-9F9B-F3910B5EC407}.Release|x64.Build.0 = Release|Any CPU
		{5E46DCF4-C473-4171-9F9B-F3910B5EC407}.Release|x86.ActiveCfg = Release|Any CPU
		{5E46DCF4-C473-4171-9F9B-F3910B5EC407}.Release|x86.Build.0 = Release|Any CPU
		{C76BF7F9-C742-4CD4-9234-57970F714B5C}.Debug|Any CPU.ActiveCfg = Debug|Any CPU
		{C76BF7F9-C742-4CD4-9234-57970F714B5C}.Debug|Any CPU.Build.0 = Debug|Any CPU
		{C76BF7F9-C742-4CD4-9234-57970F714B5C}.Debug|x64.ActiveCfg = Debug|Any CPU
		{C76BF7F9-C742-4CD4-9234-57970F714B5C}.Debug|x64.Build.0 = Debug|Any CPU
		{C76BF7F9-C742-4CD4-9234-57970F714B5C}.Debug|x86.ActiveCfg = Debug|Any CPU
		{C76BF7F9-C742-4CD4-9234-57970F714B5C}.Debug|x86.Build.0 = Debug|Any CPU
		{C76BF7F9-C742-4CD4-9234-57970F714B5C}.Release|Any CPU.ActiveCfg = Release|Any CPU
		{C76BF7F9-C742-4CD4-9234-57970F714B5C}.Release|Any CPU.Build.0 = Release|Any CPU
		{C76BF7F9-C742-4CD4-9234-57970F714B5C}.Release|x64.ActiveCfg = Release|Any CPU
		{C76BF7F9-C742-4CD4-9234-57970F714B5C}.Release|x64.Build.0 = Release|Any CPU
		{C76BF7F9-C742-4CD4-9234-57970F714B5C}.Release|x86.ActiveCfg = Release|Any CPU
		{C76BF7F9-C742-4CD4-9234-57970F714B5C}.Release|x86.Build.0 = Release|Any CPU
		{52B8077F-8A48-4244-8C3B-98EB84A4FECF}.Debug|Any CPU.ActiveCfg = Debug|Any CPU
		{52B8077F-8A48-4244-8C3B-98EB84A4FECF}.Debug|Any CPU.Build.0 = Debug|Any CPU
		{52B8077F-8A48-4244-8C3B-98EB84A4FECF}.Debug|x64.ActiveCfg = Debug|Any CPU
		{52B8077F-8A48-4244-8C3B-98EB84A4FECF}.Debug|x64.Build.0 = Debug|Any CPU
		{52B8077F-8A48-4244-8C3B-98EB84A4FECF}.Debug|x86.ActiveCfg = Debug|Any CPU
		{52B8077F-8A48-4244-8C3B-98EB84A4FECF}.Debug|x86.Build.0 = Debug|Any CPU
		{52B8077F-8A48-4244-8C3B-98EB84A4FECF}.Release|Any CPU.ActiveCfg = Release|Any CPU
		{52B8077F-8A48-4244-8C3B-98EB84A4FECF}.Release|Any CPU.Build.0 = Release|Any CPU
		{52B8077F-8A48-4244-8C3B-98EB84A4FECF}.Release|x64.ActiveCfg = Release|Any CPU
		{52B8077F-8A48-4244-8C3B-98EB84A4FECF}.Release|x64.Build.0 = Release|Any CPU
		{52B8077F-8A48-4244-8C3B-98EB84A4FECF}.Release|x86.ActiveCfg = Release|Any CPU
		{52B8077F-8A48-4244-8C3B-98EB84A4FECF}.Release|x86.Build.0 = Release|Any CPU
		{13D23E09-5DC4-430A-B122-70CB6D62DDD6}.Debug|Any CPU.ActiveCfg = Debug|Win32
		{13D23E09-5DC4-430A-B122-70CB6D62DDD6}.Debug|x64.ActiveCfg = Debug|x64
		{13D23E09-5DC4-430A-B122-70CB6D62DDD6}.Debug|x64.Build.0 = Debug|x64
		{13D23E09-5DC4-430A-B122-70CB6D62DDD6}.Debug|x86.ActiveCfg = Debug|Win32
		{13D23E09-5DC4-430A-B122-70CB6D62DDD6}.Debug|x86.Build.0 = Debug|Win32
		{13D23E09-5DC4-430A-B122-70CB6D62DDD6}.Release|Any CPU.ActiveCfg = Release|Win32
		{13D23E09-5DC4-430A-B122-70CB6D62DDD6}.Release|x64.ActiveCfg = Release|x64
		{13D23E09-5DC4-430A-B122-70CB6D62DDD6}.Release|x64.Build.0 = Release|x64
		{13D23E09-5DC4-430A-B122-70CB6D62DDD6}.Release|x86.ActiveCfg = Release|Win32
		{13D23E09-5DC4-430A-B122-70CB6D62DDD6}.Release|x86.Build.0 = Release|Win32
		{509B1FAE-545F-46AF-996D-6854C4D0C8DD}.Debug|Any CPU.ActiveCfg = Debug|Any CPU
		{509B1FAE-545F-46AF-996D-6854C4D0C8DD}.Debug|Any CPU.Build.0 = Debug|Any CPU
		{509B1FAE-545F-46AF-996D-6854C4D0C8DD}.Debug|x64.ActiveCfg = Debug|Any CPU
		{509B1FAE-545F-46AF-996D-6854C4D0C8DD}.Debug|x64.Build.0 = Debug|Any CPU
		{509B1FAE-545F-46AF-996D-6854C4D0C8DD}.Debug|x86.ActiveCfg = Debug|Any CPU
		{509B1FAE-545F-46AF-996D-6854C4D0C8DD}.Debug|x86.Build.0 = Debug|Any CPU
		{509B1FAE-545F-46AF-996D-6854C4D0C8DD}.Release|Any CPU.ActiveCfg = Release|Any CPU
		{509B1FAE-545F-46AF-996D-6854C4D0C8DD}.Release|Any CPU.Build.0 = Release|Any CPU
		{509B1FAE-545F-46AF-996D-6854C4D0C8DD}.Release|x64.ActiveCfg = Release|Any CPU
		{509B1FAE-545F-46AF-996D-6854C4D0C8DD}.Release|x64.Build.0 = Release|Any CPU
		{509B1FAE-545F-46AF-996D-6854C4D0C8DD}.Release|x86.ActiveCfg = Release|Any CPU
		{509B1FAE-545F-46AF-996D-6854C4D0C8DD}.Release|x86.Build.0 = Release|Any CPU
		{CA025B4A-D09D-48AD-BF6C-7C303C8B5CB9}.Debug|Any CPU.ActiveCfg = Debug|Any CPU
		{CA025B4A-D09D-48AD-BF6C-7C303C8B5CB9}.Debug|Any CPU.Build.0 = Debug|Any CPU
		{CA025B4A-D09D-48AD-BF6C-7C303C8B5CB9}.Debug|x64.ActiveCfg = Debug|Any CPU
		{CA025B4A-D09D-48AD-BF6C-7C303C8B5CB9}.Debug|x64.Build.0 = Debug|Any CPU
		{CA025B4A-D09D-48AD-BF6C-7C303C8B5CB9}.Debug|x86.ActiveCfg = Debug|Any CPU
		{CA025B4A-D09D-48AD-BF6C-7C303C8B5CB9}.Debug|x86.Build.0 = Debug|Any CPU
		{CA025B4A-D09D-48AD-BF6C-7C303C8B5CB9}.Release|Any CPU.ActiveCfg = Release|Any CPU
		{CA025B4A-D09D-48AD-BF6C-7C303C8B5CB9}.Release|Any CPU.Build.0 = Release|Any CPU
		{CA025B4A-D09D-48AD-BF6C-7C303C8B5CB9}.Release|x64.ActiveCfg = Release|Any CPU
		{CA025B4A-D09D-48AD-BF6C-7C303C8B5CB9}.Release|x64.Build.0 = Release|Any CPU
		{CA025B4A-D09D-48AD-BF6C-7C303C8B5CB9}.Release|x86.ActiveCfg = Release|Any CPU
		{CA025B4A-D09D-48AD-BF6C-7C303C8B5CB9}.Release|x86.Build.0 = Release|Any CPU
		{B2F73DBF-6758-48D3-8258-599BF07FA731}.Debug|Any CPU.ActiveCfg = Debug|Any CPU
		{B2F73DBF-6758-48D3-8258-599BF07FA731}.Debug|Any CPU.Build.0 = Debug|Any CPU
		{B2F73DBF-6758-48D3-8258-599BF07FA731}.Debug|x64.ActiveCfg = Debug|Any CPU
		{B2F73DBF-6758-48D3-8258-599BF07FA731}.Debug|x64.Build.0 = Debug|Any CPU
		{B2F73DBF-6758-48D3-8258-599BF07FA731}.Debug|x86.ActiveCfg = Debug|Any CPU
		{B2F73DBF-6758-48D3-8258-599BF07FA731}.Debug|x86.Build.0 = Debug|Any CPU
		{B2F73DBF-6758-48D3-8258-599BF07FA731}.Release|Any CPU.ActiveCfg = Release|Any CPU
		{B2F73DBF-6758-48D3-8258-599BF07FA731}.Release|Any CPU.Build.0 = Release|Any CPU
		{B2F73DBF-6758-48D3-8258-599BF07FA731}.Release|x64.ActiveCfg = Release|Any CPU
		{B2F73DBF-6758-48D3-8258-599BF07FA731}.Release|x64.Build.0 = Release|Any CPU
		{B2F73DBF-6758-48D3-8258-599BF07FA731}.Release|x86.ActiveCfg = Release|Any CPU
		{B2F73DBF-6758-48D3-8258-599BF07FA731}.Release|x86.Build.0 = Release|Any CPU
		{BB70C008-A243-4516-BE24-010C2415429B}.Debug|Any CPU.ActiveCfg = Debug|Any CPU
		{BB70C008-A243-4516-BE24-010C2415429B}.Debug|Any CPU.Build.0 = Debug|Any CPU
		{BB70C008-A243-4516-BE24-010C2415429B}.Debug|x64.ActiveCfg = Debug|Any CPU
		{BB70C008-A243-4516-BE24-010C2415429B}.Debug|x64.Build.0 = Debug|Any CPU
		{BB70C008-A243-4516-BE24-010C2415429B}.Debug|x86.ActiveCfg = Debug|Any CPU
		{BB70C008-A243-4516-BE24-010C2415429B}.Debug|x86.Build.0 = Debug|Any CPU
		{BB70C008-A243-4516-BE24-010C2415429B}.Release|Any CPU.ActiveCfg = Release|Any CPU
		{BB70C008-A243-4516-BE24-010C2415429B}.Release|Any CPU.Build.0 = Release|Any CPU
		{BB70C008-A243-4516-BE24-010C2415429B}.Release|x64.ActiveCfg = Release|Any CPU
		{BB70C008-A243-4516-BE24-010C2415429B}.Release|x64.Build.0 = Release|Any CPU
		{BB70C008-A243-4516-BE24-010C2415429B}.Release|x86.ActiveCfg = Release|Any CPU
		{BB70C008-A243-4516-BE24-010C2415429B}.Release|x86.Build.0 = Release|Any CPU
		{55537C61-1E0A-4B1E-B51F-1CD0149B5CC4}.Debug|Any CPU.ActiveCfg = Debug|Any CPU
		{55537C61-1E0A-4B1E-B51F-1CD0149B5CC4}.Debug|Any CPU.Build.0 = Debug|Any CPU
		{55537C61-1E0A-4B1E-B51F-1CD0149B5CC4}.Debug|x64.ActiveCfg = Debug|Any CPU
		{55537C61-1E0A-4B1E-B51F-1CD0149B5CC4}.Debug|x64.Build.0 = Debug|Any CPU
		{55537C61-1E0A-4B1E-B51F-1CD0149B5CC4}.Debug|x86.ActiveCfg = Debug|Any CPU
		{55537C61-1E0A-4B1E-B51F-1CD0149B5CC4}.Debug|x86.Build.0 = Debug|Any CPU
		{55537C61-1E0A-4B1E-B51F-1CD0149B5CC4}.Release|Any CPU.ActiveCfg = Release|Any CPU
		{55537C61-1E0A-4B1E-B51F-1CD0149B5CC4}.Release|Any CPU.Build.0 = Release|Any CPU
		{55537C61-1E0A-4B1E-B51F-1CD0149B5CC4}.Release|x64.ActiveCfg = Release|Any CPU
		{55537C61-1E0A-4B1E-B51F-1CD0149B5CC4}.Release|x64.Build.0 = Release|Any CPU
		{55537C61-1E0A-4B1E-B51F-1CD0149B5CC4}.Release|x86.ActiveCfg = Release|Any CPU
		{55537C61-1E0A-4B1E-B51F-1CD0149B5CC4}.Release|x86.Build.0 = Release|Any CPU
		{288B260E-CD88-4813-8E2B-5F853D3F00D3}.Debug|Any CPU.ActiveCfg = Debug|Any CPU
		{288B260E-CD88-4813-8E2B-5F853D3F00D3}.Debug|Any CPU.Build.0 = Debug|Any CPU
		{288B260E-CD88-4813-8E2B-5F853D3F00D3}.Debug|x64.ActiveCfg = Debug|Any CPU
		{288B260E-CD88-4813-8E2B-5F853D3F00D3}.Debug|x64.Build.0 = Debug|Any CPU
		{288B260E-CD88-4813-8E2B-5F853D3F00D3}.Debug|x86.ActiveCfg = Debug|Any CPU
		{288B260E-CD88-4813-8E2B-5F853D3F00D3}.Debug|x86.Build.0 = Debug|Any CPU
		{288B260E-CD88-4813-8E2B-5F853D3F00D3}.Release|Any CPU.ActiveCfg = Release|Any CPU
		{288B260E-CD88-4813-8E2B-5F853D3F00D3}.Release|Any CPU.Build.0 = Release|Any CPU
		{288B260E-CD88-4813-8E2B-5F853D3F00D3}.Release|x64.ActiveCfg = Release|Any CPU
		{288B260E-CD88-4813-8E2B-5F853D3F00D3}.Release|x64.Build.0 = Release|Any CPU
		{288B260E-CD88-4813-8E2B-5F853D3F00D3}.Release|x86.ActiveCfg = Release|Any CPU
		{288B260E-CD88-4813-8E2B-5F853D3F00D3}.Release|x86.Build.0 = Release|Any CPU
		{08D08E06-22A7-49B9-AFA4-04F9E2AA9210}.Debug|Any CPU.ActiveCfg = Debug|Any CPU
		{08D08E06-22A7-49B9-AFA4-04F9E2AA9210}.Debug|Any CPU.Build.0 = Debug|Any CPU
		{08D08E06-22A7-49B9-AFA4-04F9E2AA9210}.Debug|x64.ActiveCfg = Debug|Any CPU
		{08D08E06-22A7-49B9-AFA4-04F9E2AA9210}.Debug|x64.Build.0 = Debug|Any CPU
		{08D08E06-22A7-49B9-AFA4-04F9E2AA9210}.Debug|x86.ActiveCfg = Debug|Any CPU
		{08D08E06-22A7-49B9-AFA4-04F9E2AA9210}.Debug|x86.Build.0 = Debug|Any CPU
		{08D08E06-22A7-49B9-AFA4-04F9E2AA9210}.Release|Any CPU.ActiveCfg = Release|Any CPU
		{08D08E06-22A7-49B9-AFA4-04F9E2AA9210}.Release|Any CPU.Build.0 = Release|Any CPU
		{08D08E06-22A7-49B9-AFA4-04F9E2AA9210}.Release|x64.ActiveCfg = Release|Any CPU
		{08D08E06-22A7-49B9-AFA4-04F9E2AA9210}.Release|x64.Build.0 = Release|Any CPU
		{08D08E06-22A7-49B9-AFA4-04F9E2AA9210}.Release|x86.ActiveCfg = Release|Any CPU
		{08D08E06-22A7-49B9-AFA4-04F9E2AA9210}.Release|x86.Build.0 = Release|Any CPU
		{F483958D-9C21-4458-8D3C-F596F35C74F3}.Debug|Any CPU.ActiveCfg = Debug|Any CPU
		{F483958D-9C21-4458-8D3C-F596F35C74F3}.Debug|Any CPU.Build.0 = Debug|Any CPU
		{F483958D-9C21-4458-8D3C-F596F35C74F3}.Debug|x64.ActiveCfg = Debug|Any CPU
		{F483958D-9C21-4458-8D3C-F596F35C74F3}.Debug|x64.Build.0 = Debug|Any CPU
		{F483958D-9C21-4458-8D3C-F596F35C74F3}.Debug|x86.ActiveCfg = Debug|Any CPU
		{F483958D-9C21-4458-8D3C-F596F35C74F3}.Debug|x86.Build.0 = Debug|Any CPU
		{F483958D-9C21-4458-8D3C-F596F35C74F3}.Release|Any CPU.ActiveCfg = Release|Any CPU
		{F483958D-9C21-4458-8D3C-F596F35C74F3}.Release|Any CPU.Build.0 = Release|Any CPU
		{F483958D-9C21-4458-8D3C-F596F35C74F3}.Release|x64.ActiveCfg = Release|Any CPU
		{F483958D-9C21-4458-8D3C-F596F35C74F3}.Release|x64.Build.0 = Release|Any CPU
		{F483958D-9C21-4458-8D3C-F596F35C74F3}.Release|x86.ActiveCfg = Release|Any CPU
		{F483958D-9C21-4458-8D3C-F596F35C74F3}.Release|x86.Build.0 = Release|Any CPU
	EndGlobalSection
	GlobalSection(SolutionProperties) = preSolution
		HideSolutionNode = FALSE
	EndGlobalSection
	GlobalSection(ExtensibilityGlobals) = postSolution
		SolutionGuid = {6D341C38-61D6-4DB2-B146-E18F0DC5157F}
	EndGlobalSection
EndGlobal
